schema: '2.0'
stages:
  get-classifications:
    cmd: papermill notebooks/01-get-classifications.ipynb reports/notebooks/01-get-classifications.ipynb
    deps:
    - path: data/raw/sunburst_images.zip
      md5: 9f02fac2be92b0b663e374fed43b4ef7
      size: 100825934
    - path: notebooks/01-get-classifications.ipynb
      md5: 1dd1d4b71381bcff77ca25275f494fb9
      size: 3003
    - path: params.yaml
      md5: d41d8cd98f00b204e9800998ecf8427e
      size: 0
    outs:
    - path: data/processed
      md5: f498bfc3171954c9e4e358f15086edb1.dir
      size: 11993519
      nfiles: 1
    - path: reports/notebooks
      md5: 11950c7b83bd01953687a70e08a74192.dir
      size: 13316
      nfiles: 1
